
Microsoft Visual Studio Solution File, Format Version 12.00
# Visual Studio 15
VisualStudioVersion = 15.0.28307.271
MinimumVisualStudioVersion = 10.0.40219.1
Project("{8BC9CEB8-8B4A-11D0-8D11-00A0C91BC942}") = "Homework4.4", "Homework4.4\Homework4.4.vcxproj", "{E16DB0EA-3F86-4EE1-BE29-D5E938FD3940}"
EndProject
Global
	GlobalSection(SolutionConfigurationPlatforms) = preSolution
		Debug|x64 = Debug|x64
		Debug|x86 = Debug|x86
		Release|x64 = Release|x64
		Release|x86 = Release|x86
	EndGlobalSection
	GlobalSection(ProjectConfigurationPlatforms) = postSolution
		{E16DB0EA-3F86-4EE1-BE29-D5E938FD3940}.Debug|x64.ActiveCfg = Debug|x64
		{E16DB0EA-3F86-4EE1-BE29-D5E938FD3940}.Debug|x64.Build.0 = Debug|x64
		{E16DB0EA-3F86-4EE1-BE29-D5E938FD3940}.Debug|x86.ActiveCfg = Debug|Win32
		{E16DB0EA-3F86-4EE1-BE29-D5E938FD3940}.Debug|x86.Build.0 = Debug|Win32
		{E16DB0EA-3F86-4EE1-BE29-D5E938FD3940}.Release|x64.ActiveCfg = Release|x64
		{E16DB0EA-3F86-4EE1-BE29-D5E938FD3940}.Release|x64.Build.0 = Release|x64
		{E16DB0EA-3F86-4EE1-BE29-D5E938FD3940}.Release|x86.ActiveCfg = Release|Win32
		{E16DB0EA-3F86-4EE1-BE29-D5E938FD3940}.Release|x86.Build.0 = Release|Win32
	EndGlobalSection
	GlobalSection(SolutionProperties) = preSolution
		HideSolutionNode = FALSE
	EndGlobalSection
	GlobalSection(ExtensibilityGlobals) = postSolution
		SolutionGuid = {189569D2-8D80-4B55-917A-FFF7E69A3F77}
	EndGlobalSection
EndGlobal
